{
    "_meta": {
        "hash": {
            "sha256": "66d65dc1918162caa26da441545d65ef40d8ff8c5b091dcb5ecf34efb85933ac"
        },
        "pipfile-spec": 6,
        "requires": {
            "python_version": "3.6"
        },
        "sources": [
            {
                "name": "pypi",
                "url": "https://pypi.org/simple",
                "verify_ssl": true
            }
        ]
    },
    "default": {
        "aniso8601": {
            "hashes": [
                "sha256:1d2b7ef82963909e93c4f24ce48d4de9e66009a21bf1c1e1c85bdd0812fe412f",
                "sha256:72e3117667eedf66951bb2d93f4296a56b94b078a8a95905a052611fb3f1b973"
            ],
            "version": "==9.0.1"
        },
        "click": {
            "hashes": [
                "sha256:681c9380a24b22fec089c8e5ffe40aa16a0da79f248a26fe2481bfa8170bfcc1",
                "sha256:e4315a188403c0258bbc4a4e31863e48fc301c4e95b8007a8eeda0391158df13"
            ],
            "version": "==8.0.0a1"
        },
        "dataclasses": {
            "hashes": [
                "sha256:0201d89fa866f68c8ebd9d08ee6ff50c0b255f8ec63a71c16fda7af82bb887bf",
                "sha256:8479067f342acf957dc82ec415d355ab5edb7e7646b90dc6e2fd1d96ad084c97"
            ],
            "markers": "python_version < '3.7'",
            "version": "==0.8"
        },
        "flask": {
            "hashes": [
                "sha256:2271c0070dbcb5275fad4a82e29f23ab92682dc45f9dfbc22c02ba9b9322ce48",
                "sha256:a080b744b7e345ccfcbc77954861cb05b3c63786e93f2b3875e0913d44b43f05"
            ],
            "index": "pypi",
            "version": "==1.0.2"
        },
        "flask-restful": {
            "hashes": [
                "sha256:5795519501347e108c436b693ff9a4d7b373a3ac9069627d64e4001c05dd3407",
                "sha256:e2f1b8063de3944b94c7f8be5cee4d2161db0267c54c5b757d875295061776fa"
            ],
            "index": "pypi",
            "version": "==0.3.6"
        },
        "flask-sqlalchemy": {
            "hashes": [
                "sha256:3bc0fac969dd8c0ace01b32060f0c729565293302f0c4269beed154b46bec50b",
                "sha256:5971b9852b5888655f11db634e87725a9031e170f37c0ce7851cf83497f56e53"
            ],
            "index": "pypi",
            "version": "==2.3.2"
        },
        "itsdangerous": {
            "hashes": [
                "sha256:55398d354327a1af9eeab0917ffa926985bf88dbd2b051f2cc9fe3f69e9f11d6",
                "sha256:743456d13b108af70259b3867e14e2f426e663c056dbe7b0070f0cb201de6753"
            ],
            "version": "==2.0.0rc1"
        },
        "jinja2": {
            "hashes": [
                "sha256:c10142f819c2d22bdcd17548c46fa9b77cf4fda45097854c689666bf425e7484",
                "sha256:c922560ac46888d47384de1dbdc3daaa2ea993af4b26a436dec31fa2c19ec668"
            ],
            "version": "==3.0.0a1"
        },
        "markupsafe": {
            "hashes": [
                "sha256:0195316c9962e49935a0d6951ec13ddadee4e7e954e527d2387ab5920f33326b",
                "sha256:0771b6c97e45412bdd079ff8e4f1b903400791d62e0099dc7437668d73ad7280",
                "sha256:0806afeead6a1ed483db811e3d4af694fe6cd240fe267719902f5321c02ce1f9",
                "sha256:2069d3ecff985cf2072154f2fc214f7dc493d40113c8fa127296e7c76a1f9227",
                "sha256:2f7efff175b8019977973bee4946df9e182255d17d41d59b8b8fd3f9df60dcfc",
                "sha256:338a6efaaf7cb6bb342fefbfc3f681696c4ee86171c86d660d081739b6fb1055",
                "sha256:39245c428902bc4853deb03c319621aaa72f040753516529ac200be3e6e43e0e",
                "sha256:39466d824310410598072d195cc55cc82c70e7c155ac6adce2b2851b5ce1a214",
                "sha256:635085ed6045c00bcee76cfce4dff45d47f9344ccea0ec7d80c581db65aa9f02",
                "sha256:65261edbd397b289bc7a0c20b21d2927bf81a4ff418a289fb053e06471dbbc90",
                "sha256:6d1d39c1e8a783fe1d2637b693f38a4dbd7f4aac636b82fd7da0e0682757192a",
                "sha256:77db4fd6dfe94f700f4395d34393baf695acb77f0e1d4fd77c93eacd8c38facf",
                "sha256:7cefccd52c32040035a8be398bda4348812f58dcc7c8d940913f19b6776caa50",
                "sha256:7fdaed892d454763f89d2c6ecfa7ee1a142412d01eb9da5927b594622ecdb328",
                "sha256:842c0a900ea044e719212810266aefbabedc47f7f6ed1567d645cec348de38c7",
                "sha256:931f80ecb8fa292f9390761d070cc5eb6e25ef133b3aff6d9f08f0ac7de774e0",
                "sha256:a26f1d7e4bea8e30871f0a025c6f6d81b27724b43d6a3a3e8388d9ec260d4586",
                "sha256:aa18dfb468b4bedd968195efc49e59f2773b406eb7591be19d3ac18cf506c5ec",
                "sha256:afd73362d06ada878f267aa1cf74930022c6b9e1fae4605e5bf35ca61ce06074",
                "sha256:b3f44d049add55a169e2ad6d176e592968f4f34c4ca754b925894ce5520cedfc",
                "sha256:b69682a6445f10332c376870fb53dd4ba946f70f0592118b97015a4a5fa814cc",
                "sha256:b8d3deaddf307963845c2c1a9c3f72a92856f9010dca69a05b35b27af9fff162",
                "sha256:c58a7117d253f7c560c54d8098a606d410e62129f4df78d78582b81ba254ba80",
                "sha256:c729b7bc3a38f24093c36fc20e98ba747440e937ea9997c1af7cd98d3ee9bdb1",
                "sha256:c7718a028d3917eabde519282b11fe0944f25e4d9d1716fec4ff8cf392ead36f",
                "sha256:c8ba02b5ff8dde786492f04ff003514750d40a509bd3d76ee080f11f226d8431",
                "sha256:cd2bf5e142accfa487a6d4705ae8a22f48798a35e5ec3561123e3723aba50888",
                "sha256:cdf40d0b3b7d0ba57b2cc1ea1432bf0841885f075c00b626b8400829b02aeb18",
                "sha256:d711c82719caaf59e44f73fd91f324dad09ece519f61c38ebac74d0e3c6dee2a",
                "sha256:d9463d3860a4009655048ab40d9a156e7c2b68c8c74464138444a251378c39de",
                "sha256:df56b55433f718b8a5681757a5c6eef2d365781615a268bcd0f5183cd5f57821",
                "sha256:e644dcf9df29d33110ef8d28a14337a7978025d32ff7c210335f3b25b49d03e0",
                "sha256:efac39cc0cfcb43b40e97afffc3087f4dd0fce8fb40d3ad0f5ea8f94b0195005",
                "sha256:fd47b68e61355c6452a92d85fcfad81f7e6f5df8110ed237d9027c54d9338b31"
            ],
            "version": "==2.0.0rc1"
        },
        "python-dotenv": {
            "hashes": [
                "sha256:4f3582904d08dac5ab4c9aa44cb17ce056c9a35e585cfda6183d80054d247307",
                "sha256:cb8cd327109898c7725f76c5256a081e8a9efe72ebbf127f8d1221ceb7f38bf2"
            ],
            "index": "pypi",
            "version": "==0.10.0"
        },
        "pytz": {
            "hashes": [
                "sha256:83a4a90894bf38e243cf052c8b58f381bfe9a7a483f6a9cab140bc7f702ac4da",
                "sha256:eb10ce3e7736052ed3623d49975ce333bcd712c7bb19a58b9e2089d4057d0798"
            ],
            "version": "==2021.1"
        },
        "redis": {
            "hashes": [
                "sha256:2100750629beff143b6a200a2ea8e719fcf26420adabb81402895e144c5083cf",
                "sha256:8e0bdd2de02e829b6225b25646f9fb9daffea99a252610d040409a6738541f0a"
            ],
            "index": "pypi",
            "version": "==3.0.1"
        },
        "six": {
            "hashes": [
                "sha256:30639c035cdb23534cd4aa2dd52c3bf48f06e5f4a941509c8bafd8ce11080259",
                "sha256:8b74bedcbbbaca38ff6d7491d76f2b06b3592611af620f8426e82dddb04a5ced"
            ],
            "version": "==1.15.0"
        },
        "sqlalchemy": {
            "hashes": [
                "sha256:26c1f1e7ff0abc3ed15c687348e4be9dffbc9c2ace2b7df714c6a579171a56b5"
            ],
            "index": "pypi",
            "version": "==1.3.0b1"
        },
        "werkzeug": {
            "hashes": [
                "sha256:c66bc39b74a7d3383fdd009d73fd003f9f39c0fd2b129f282ab0d6a409e452f0",
                "sha256:ff80a8377526eb9a730148a8646a2b4e4217c519b6b55cc1b6138f666c52f57c"
            ],
            "version": "==2.0.0rc3"
        }
    },
    "develop": {
        "alabaster": {
            "hashes": [
                "sha256:446438bdcca0e05bd45ea2de1668c1d9b032e1a9154c2c259092d77031ddd359",
                "sha256:a661d72d58e6ea8a57f7a86e37d86716863ee5e92788398526d58b26a4e4dc02"
            ],
            "version": "==0.7.12"
        },
        "apipkg": {
            "hashes": [
                "sha256:37228cda29411948b422fae072f57e31d3396d2ee1c9783775980ee9c9990af6",
                "sha256:58587dd4dc3daefad0487f6d9ae32b4542b185e1c36db6993290e7c41ca2b47c"
            ],
            "version": "==1.5"
        },
        "appdirs": {
            "hashes": [
                "sha256:7d5d0167b2b1ba821647616af46a749d1c653740dd0d2415100fe26e27afdf41",
                "sha256:a841dacd6b99318a741b166adb07e19ee71a274450e68237b4650ca1055ab128"
            ],
            "version": "==1.4.4"
        },
        "astroid": {
            "hashes": [
                "sha256:6b0ed1af831570e500e2437625979eaa3b36011f66ddfc4ce930128610258ca9",
                "sha256:cd80bf957c49765dce6d92c43163ff9d2abc43132ce64d4b1b47717c6d2522df"
            ],
            "version": "==2.5.2"
        },
        "atomicwrites": {
            "hashes": [
                "sha256:6d1784dea7c0c8d4a5172b6c620f40b6e4cbfdf96d783691f2e1302a7b88e197",
                "sha256:ae70396ad1a434f9c7046fd2dd196fc04b12f9e91ffb859164193be8b6168a7a"
            ],
            "version": "==1.4.0"
        },
        "attrs": {
            "hashes": [
                "sha256:31b2eced602aa8423c2aea9c76a724617ed67cf9513173fd3a4f03e3a929c7e6",
                "sha256:832aa3cde19744e49938b91fea06d69ecb9e649c93ba974535d08ad92164f700"
            ],
            "version": "==20.3.0"
        },
        "babel": {
            "hashes": [
                "sha256:9d35c22fcc79893c3ecc85ac4a56cde1ecf3f19c540bba0922308a6c06ca6fa5",
                "sha256:da031ab54472314f210b0adcff1588ee5d1d1d0ba4dbd07b94dba82bde791e05"
            ],
            "version": "==2.9.0"
        },
        "black": {
            "hashes": [
                "sha256:22158b89c1a6b4eb333a1e65e791a3f8b998cf3b11ae094adb2570f31f769a44",
                "sha256:4b475bbd528acce094c503a3d2dbc2d05a4075f6d0ef7d9e7514518e14cc5191"
            ],
            "index": "pypi",
            "version": "==18.6b4"
        },
        "certifi": {
            "hashes": [
                "sha256:1a4995114262bffbc2413b159f2a1a480c969de6e6eb13ee966d470af86af59c",
                "sha256:719a74fb9e33b9bd44cc7f3a8d94bc35e4049deebe19ba7d8e108280cfd59830"
            ],
            "version": "==2020.12.5"
        },
        "chardet": {
            "hashes": [
                "sha256:0d6f53a15db4120f2b08c94f11e7d93d2c911ee118b6b30a04ec3ee8310179fa",
                "sha256:f864054d66fd9118f2e67044ac8981a54775ec5b67aed0441892edb553d21da5"
            ],
            "version": "==4.0.0"
        },
        "click": {
            "hashes": [
                "sha256:681c9380a24b22fec089c8e5ffe40aa16a0da79f248a26fe2481bfa8170bfcc1",
                "sha256:e4315a188403c0258bbc4a4e31863e48fc301c4e95b8007a8eeda0391158df13"
            ],
            "version": "==8.0.0a1"
        },
        "colorama": {
            "hashes": [
                "sha256:5941b2b48a20143d2267e95b1c2a7603ce057ee39fd88e7329b0c292aa16869b",
                "sha256:9f47eda37229f68eee03b24b9748937c7dc3868f906e8ba69fbcbdd3bc5dc3e2"
            ],
            "version": "==0.4.4"
        },
        "coverage": {
            "hashes": [
                "sha256:029c69deaeeeae1b15bc6c59f0ffa28aa8473721c614a23f2c2976dec245cd12",
                "sha256:02abbbebc6e9d5abe13cd28b5e963dedb6ffb51c146c916d17b18f141acd9947",
                "sha256:1bbfe5b82a3921d285e999c6d256c1e16b31c554c29da62d326f86c173d30337",
                "sha256:210c02f923df33a8d0e461c86fdcbbb17228ff4f6d92609fc06370a98d283c2d",
                "sha256:2d0807ba935f540d20b49d5bf1c0237b90ce81e133402feda906e540003f2f7a",
                "sha256:35d7a013874a7c927ce997350d314144ffc5465faf787bb4e46e6c4f381ef562",
                "sha256:3636f9d0dcb01aed4180ef2e57a4e34bb4cac3ecd203c2a23db8526d86ab2fb4",
                "sha256:42f4be770af2455a75e4640f033a82c62f3fb0d7a074123266e143269d7010ef",
                "sha256:48440b25ba6cda72d4c638f3a9efa827b5b87b489c96ab5f4ff597d976413156",
                "sha256:4dac8dfd1acf6a3ac657475dfdc66c621f291b1b7422a939cc33c13ac5356473",
                "sha256:4e8474771c69c2991d5eab65764289a7dd450bbea050bc0ebb42b678d8222b42",
                "sha256:551f10ddfeff56a1325e5a34eff304c5892aa981fd810babb98bfee77ee2fb17",
                "sha256:5b104982f1809c1577912519eb249f17d9d7e66304ad026666cb60a5ef73309c",
                "sha256:5c62aef73dfc87bfcca32cee149a1a7a602bc74bac72223236b0023543511c88",
                "sha256:633151f8d1ad9467b9f7e90854a7f46ed8f2919e8bc7d98d737833e8938fc081",
                "sha256:772207b9e2d5bf3f9d283b88915723e4e92d9a62c83f44ec92b9bd0cd685541b",
                "sha256:7d5e02f647cd727afc2659ec14d4d1cc0508c47e6cfb07aea33d7aa9ca94d288",
                "sha256:a9798a4111abb0f94584000ba2a2c74841f2cfe5f9254709756367aabbae0541",
                "sha256:b38ea741ab9e35bfa7015c93c93bbd6a1623428f97a67083fc8ebd366238b91f",
                "sha256:b6a5478c904236543c0347db8a05fac6fc0bd574c870e7970faa88e1d9890044",
                "sha256:c6248bfc1de36a3844685a2e10ba17c18119ba6252547f921062a323fb31bff1",
                "sha256:c705ab445936457359b1424ef25ccc0098b0491b26064677c39f1d14a539f056",
                "sha256:d95a363d663ceee647291131dbd213af258df24f41350246842481ec3709bd33",
                "sha256:e27265eb80cdc5dab55a40ef6f890e04ecc618649ad3da5265f128b141f93f78",
                "sha256:ebc276c9cb5d917bd2ae959f84ffc279acafa9c9b50b0fa436ebb70bbe2166ea",
                "sha256:f4d229866d030863d0fe3bf297d6d11e6133ca15bbb41ed2534a8b9a3d6bd061",
                "sha256:f95675bd88b51474d4fe5165f3266f419ce754ffadfb97f10323931fa9ac95e5",
                "sha256:f95bc54fb6d61b9f9ff09c4ae8ff6a3f5edc937cda3ca36fc937302a7c152bf1",
                "sha256:fd0f6be53de40683584e5331c341e65a679dbe5ec489a0697cec7c2ef1a48cda"
            ],
            "index": "pypi",
            "version": "==5.0a4"
        },
        "dataclasses": {
            "hashes": [
                "sha256:0201d89fa866f68c8ebd9d08ee6ff50c0b255f8ec63a71c16fda7af82bb887bf",
                "sha256:8479067f342acf957dc82ec415d355ab5edb7e7646b90dc6e2fd1d96ad084c97"
            ],
            "markers": "python_version < '3.7'",
            "version": "==0.8"
        },
        "debtcollector": {
            "hashes": [
                "sha256:e8ab689b0d1d19bdebb49eca82e70b938921f80599a32c2f6a5d6ce94dd82af2",
                "sha256:f48639881e0dd492e3576fd714e2a4e422492bb586b9f90affe0f093d7a09ac8"
            ],
            "index": "pypi",
            "version": "==1.20.0"
        },
        "distlib": {
            "hashes": [
                "sha256:8c09de2c67b3e7deef7184574fc060ab8a793e7adbb183d942c389c8b13c52fb",
                "sha256:edf6116872c863e1aa9d5bb7cb5e05a022c519a4594dc703843343a9ddd9bff1"
            ],
            "version": "==0.3.1"
        },
        "docopt": {
            "hashes": [
                "sha256:49b3a825280bd66b3aa83585ef59c4a8c82f2c8a522dbe754a8bc8d08c85c491"
            ],
            "version": "==0.6.2"
        },
        "docutils": {
            "hashes": [
                "sha256:656d947c1a26d3fd75e731978c78331a93c326df270a8e1de5d19a560cb835f6",
                "sha256:679bda0950adeffe6c78a74c51394b13baf2878a80f1f121b940a78698616406"
            ],
            "version": "==0.17b1"
        },
        "doubles": {
            "hashes": [
                "sha256:3332349ea9683dc65f5866362f9f27b25cd35b1ad239db3c9d83ca5473665eba"
            ],
            "index": "pypi",
            "version": "==1.5.3"
        },
        "execnet": {
            "hashes": [
                "sha256:7a13113028b1e1cc4c6492b28098b3c6576c9dccc7973bfe47b342afadafb2ac",
                "sha256:b73c5565e517f24b62dea8a5ceac178c661c4309d3aa0c3e420856c072c411b4"
            ],
            "version": "==1.8.0"
        },
        "filelock": {
            "hashes": [
                "sha256:18d82244ee114f543149c66a6e0c14e9c4f8a1044b5cdaadd0f82159d6a6ff59",
                "sha256:929b7d63ec5b7d6b71b0fa5ac14e030b3f70b75747cef1b10da9b879fef15836"
            ],
            "version": "==3.0.12"
        },
        "flake8": {
            "hashes": [
                "sha256:6a35f5b8761f45c5513e3405f110a86bea57982c3b75b766ce7b65217abe1670",
                "sha256:c01f8a3963b3571a8e6bd7a4063359aff90749e160778e03817cd9b71c9e07d2"
            ],
            "index": "pypi",
            "version": "==3.6.0"
        },
        "flask": {
            "hashes": [
                "sha256:2271c0070dbcb5275fad4a82e29f23ab92682dc45f9dfbc22c02ba9b9322ce48",
                "sha256:a080b744b7e345ccfcbc77954861cb05b3c63786e93f2b3875e0913d44b43f05"
            ],
            "index": "pypi",
            "version": "==1.0.2"
        },
        "future": {
            "hashes": [
                "sha256:67045236dcfd6816dc439556d009594abf643e5eb48992e36beac09c2ca659b8"
            ],
            "index": "pypi",
            "version": "==0.17.1"
        },
        "idna": {
            "hashes": [
                "sha256:b307872f855b18632ce0c21c5e45be78c0ea7ae4c15c828c20788b26921eb3f6",
                "sha256:b97d804b1e9b523befed77c48dacec60e6dcb0b5391d57af6a65a312a90648c0"
            ],
            "version": "==2.10"
        },
        "imagesize": {
            "hashes": [
                "sha256:6965f19a6a2039c7d48bca7dba2473069ff854c36ae6f19d2cde309d998228a1",
                "sha256:b1f6b5a4eab1f73479a50fb79fcf729514a900c341d8503d62a62dbc4127a2b1"
            ],
            "version": "==1.2.0"
        },
        "importlib-metadata": {
            "hashes": [
                "sha256:1cedf994a9b6885dcbb7ed40b24c332b1de3956319f4b1a0f07c0621d453accc",
                "sha256:c9c1b6c7dbc62084f3e6a614a194eb16ded7947736c18e3300125d5c0a7a8b3c"
            ],
            "markers": "python_version < '3.8'",
            "version": "==3.9.1"
        },
        "importlib-resources": {
            "hashes": [
                "sha256:642586fc4740bd1cad7690f836b3321309402b20b332529f25617ff18e8e1370",
                "sha256:ebab3efe74d83b04d6bf5cd9a17f0c5c93e60fb60f30c90f56265fce4682a469"
            ],
            "markers": "python_version < '3.7'",
            "version": "==5.1.2"
        },
        "isort": {
            "hashes": [
                "sha256:1153601da39a25b14ddc54955dbbacbb6b2d19135386699e2ad58517953b34af",
                "sha256:b9c40e9750f3d77e6e4d441d8b0266cf555e7cdabdcff33c4fd06366ca761ef8",
                "sha256:ec9ef8f4a9bc6f71eec99e1806bfa2de401650d996c59330782b89a5555c1497"
            ],
            "index": "pypi",
            "version": "==4.3.4"
        },
        "itsdangerous": {
            "hashes": [
                "sha256:55398d354327a1af9eeab0917ffa926985bf88dbd2b051f2cc9fe3f69e9f11d6",
                "sha256:743456d13b108af70259b3867e14e2f426e663c056dbe7b0070f0cb201de6753"
            ],
            "version": "==2.0.0rc1"
        },
        "jinja2": {
            "hashes": [
                "sha256:c10142f819c2d22bdcd17548c46fa9b77cf4fda45097854c689666bf425e7484",
                "sha256:c922560ac46888d47384de1dbdc3daaa2ea993af4b26a436dec31fa2c19ec668"
            ],
            "version": "==3.0.0a1"
        },
        "lazy-object-proxy": {
            "hashes": [
                "sha256:17e0967ba374fc24141738c69736da90e94419338fd4c7c7bef01ee26b339653",
                "sha256:1fee665d2638491f4d6e55bd483e15ef21f6c8c2095f235fef72601021e64f61",
                "sha256:22ddd618cefe54305df49e4c069fa65715be4ad0e78e8d252a33debf00f6ede2",
                "sha256:24a5045889cc2729033b3e604d496c2b6f588c754f7a62027ad4437a7ecc4837",
                "sha256:410283732af311b51b837894fa2f24f2c0039aa7f220135192b38fcc42bd43d3",
                "sha256:4732c765372bd78a2d6b2150a6e99d00a78ec963375f236979c0626b97ed8e43",
                "sha256:489000d368377571c6f982fba6497f2aa13c6d1facc40660963da62f5c379726",
                "sha256:4f60460e9f1eb632584c9685bccea152f4ac2130e299784dbaf9fae9f49891b3",
                "sha256:5743a5ab42ae40caa8421b320ebf3a998f89c85cdc8376d6b2e00bd12bd1b587",
                "sha256:85fb7608121fd5621cc4377a8961d0b32ccf84a7285b4f1d21988b2eae2868e8",
                "sha256:9698110e36e2df951c7c36b6729e96429c9c32b3331989ef19976592c5f3c77a",
                "sha256:9d397bf41caad3f489e10774667310d73cb9c4258e9aed94b9ec734b34b495fd",
                "sha256:b579f8acbf2bdd9ea200b1d5dea36abd93cabf56cf626ab9c744a432e15c815f",
                "sha256:b865b01a2e7f96db0c5d12cfea590f98d8c5ba64ad222300d93ce6ff9138bcad",
                "sha256:bf34e368e8dd976423396555078def5cfc3039ebc6fc06d1ae2c5a65eebbcde4",
                "sha256:c6938967f8528b3668622a9ed3b31d145fab161a32f5891ea7b84f6b790be05b",
                "sha256:d1c2676e3d840852a2de7c7d5d76407c772927addff8d742b9808fe0afccebdf",
                "sha256:d7124f52f3bd259f510651450e18e0fd081ed82f3c08541dffc7b94b883aa981",
                "sha256:d900d949b707778696fdf01036f58c9876a0d8bfe116e8d220cfd4b15f14e741",
                "sha256:ebfd274dcd5133e0afae738e6d9da4323c3eb021b3e13052d8cbd0e457b1256e",
                "sha256:ed361bb83436f117f9917d282a456f9e5009ea12fd6de8742d1a4752c3017e93",
                "sha256:f5144c75445ae3ca2057faac03fda5a902eff196702b0a24daf1d6ce0650514b"
            ],
            "version": "==1.6.0"
        },
        "markupsafe": {
            "hashes": [
                "sha256:0195316c9962e49935a0d6951ec13ddadee4e7e954e527d2387ab5920f33326b",
                "sha256:0771b6c97e45412bdd079ff8e4f1b903400791d62e0099dc7437668d73ad7280",
                "sha256:0806afeead6a1ed483db811e3d4af694fe6cd240fe267719902f5321c02ce1f9",
                "sha256:2069d3ecff985cf2072154f2fc214f7dc493d40113c8fa127296e7c76a1f9227",
                "sha256:2f7efff175b8019977973bee4946df9e182255d17d41d59b8b8fd3f9df60dcfc",
                "sha256:338a6efaaf7cb6bb342fefbfc3f681696c4ee86171c86d660d081739b6fb1055",
                "sha256:39245c428902bc4853deb03c319621aaa72f040753516529ac200be3e6e43e0e",
                "sha256:39466d824310410598072d195cc55cc82c70e7c155ac6adce2b2851b5ce1a214",
                "sha256:635085ed6045c00bcee76cfce4dff45d47f9344ccea0ec7d80c581db65aa9f02",
                "sha256:65261edbd397b289bc7a0c20b21d2927bf81a4ff418a289fb053e06471dbbc90",
                "sha256:6d1d39c1e8a783fe1d2637b693f38a4dbd7f4aac636b82fd7da0e0682757192a",
                "sha256:77db4fd6dfe94f700f4395d34393baf695acb77f0e1d4fd77c93eacd8c38facf",
                "sha256:7cefccd52c32040035a8be398bda4348812f58dcc7c8d940913f19b6776caa50",
                "sha256:7fdaed892d454763f89d2c6ecfa7ee1a142412d01eb9da5927b594622ecdb328",
                "sha256:842c0a900ea044e719212810266aefbabedc47f7f6ed1567d645cec348de38c7",
                "sha256:931f80ecb8fa292f9390761d070cc5eb6e25ef133b3aff6d9f08f0ac7de774e0",
                "sha256:a26f1d7e4bea8e30871f0a025c6f6d81b27724b43d6a3a3e8388d9ec260d4586",
                "sha256:aa18dfb468b4bedd968195efc49e59f2773b406eb7591be19d3ac18cf506c5ec",
                "sha256:afd73362d06ada878f267aa1cf74930022c6b9e1fae4605e5bf35ca61ce06074",
                "sha256:b3f44d049add55a169e2ad6d176e592968f4f34c4ca754b925894ce5520cedfc",
                "sha256:b69682a6445f10332c376870fb53dd4ba946f70f0592118b97015a4a5fa814cc",
                "sha256:b8d3deaddf307963845c2c1a9c3f72a92856f9010dca69a05b35b27af9fff162",
                "sha256:c58a7117d253f7c560c54d8098a606d410e62129f4df78d78582b81ba254ba80",
                "sha256:c729b7bc3a38f24093c36fc20e98ba747440e937ea9997c1af7cd98d3ee9bdb1",
                "sha256:c7718a028d3917eabde519282b11fe0944f25e4d9d1716fec4ff8cf392ead36f",
                "sha256:c8ba02b5ff8dde786492f04ff003514750d40a509bd3d76ee080f11f226d8431",
                "sha256:cd2bf5e142accfa487a6d4705ae8a22f48798a35e5ec3561123e3723aba50888",
                "sha256:cdf40d0b3b7d0ba57b2cc1ea1432bf0841885f075c00b626b8400829b02aeb18",
                "sha256:d711c82719caaf59e44f73fd91f324dad09ece519f61c38ebac74d0e3c6dee2a",
                "sha256:d9463d3860a4009655048ab40d9a156e7c2b68c8c74464138444a251378c39de",
                "sha256:df56b55433f718b8a5681757a5c6eef2d365781615a268bcd0f5183cd5f57821",
                "sha256:e644dcf9df29d33110ef8d28a14337a7978025d32ff7c210335f3b25b49d03e0",
                "sha256:efac39cc0cfcb43b40e97afffc3087f4dd0fce8fb40d3ad0f5ea8f94b0195005",
                "sha256:fd47b68e61355c6452a92d85fcfad81f7e6f5df8110ed237d9027c54d9338b31"
            ],
            "version": "==2.0.0rc1"
        },
        "mccabe": {
            "hashes": [
                "sha256:ab8a6258860da4b6677da4bd2fe5dc2c659cff31b3ee4f7f5d64e79735b80d42",
                "sha256:dd8d182285a0fe56bace7f45b5e7d1a6ebcbf524e8f3bd87eb0f125271b8831f"
            ],
            "version": "==0.6.1"
        },
        "more-itertools": {
            "hashes": [
                "sha256:5652a9ac72209ed7df8d9c15daf4e1aa0e3d2ccd3c87f8265a0673cd9cbc9ced",
                "sha256:c5d6da9ca3ff65220c3bfd2a8db06d698f05d4d2b9be57e1deb2be5a45019713"
            ],
            "version": "==8.7.0"
        },
        "packaging": {
            "hashes": [
                "sha256:5b327ac1320dc863dca72f4514ecc086f31186744b84a230374cc1fd776feae5",
                "sha256:67714da7f7bc052e064859c05c595155bd1ee9f69f76557e21f051443c20947a"
            ],
            "version": "==20.9"
        },
        "pathspec": {
            "hashes": [
                "sha256:86379d6b86d75816baba717e64b1a3a3469deb93bb76d613c9ce79edc5cb68fd",
                "sha256:aa0cb481c4041bf52ffa7b0d8fa6cd3e88a2ca4879c533c9153882ee2556790d"
            ],
            "version": "==0.8.1"
        },
        "pbr": {
            "hashes": [
                "sha256:5fad80b613c402d5b7df7bd84812548b2a61e9977387a80a5fc5c396492b13c9",
                "sha256:b236cde0ac9a6aedd5e3c34517b423cd4fd97ef723849da6b0d2231142d89c00"
            ],
            "version": "==5.5.1"
        },
        "pluggy": {
            "hashes": [
                "sha256:15b2acde666561e1298d71b523007ed7364de07029219b604cf808bfa1c765b0",
                "sha256:966c145cd83c96502c3c3868f50408687b38434af77734af1e9ca461a4081d2d"
            ],
            "version": "==0.13.1"
        },
        "py": {
            "hashes": [
                "sha256:21b81bda15b66ef5e1a777a21c4dcd9c20ad3efd0b3f817e7a809035269e1bd3",
                "sha256:3b80836aa6d1feeaa108e046da6423ab8f6ceda6468545ae8d02d9d58d18818a"
            ],
            "version": "==1.10.0"
        },
        "pycodestyle": {
            "hashes": [
                "sha256:cbc619d09254895b0d12c2c691e237b2e91e9b2ecf5e84c26b35400f93dcfb83",
                "sha256:cbfca99bd594a10f674d0cd97a3d802a1fdef635d4361e1a2658de47ed261e3a"
            ],
            "version": "==2.4.0"
        },
        "pyflakes": {
            "hashes": [
                "sha256:9a7662ec724d0120012f6e29d6248ae3727d821bba522a0e6b356eff19126a49",
                "sha256:f661252913bc1dbe7fcfcbf0af0db3f42ab65aabd1a6ca68fe5d466bace94dae"
            ],
            "version": "==2.0.0"
        },
        "pygments": {
            "hashes": [
                "sha256:bc9591213a8f0e0ca1a5e68a479b4887fdc3e75d0774e5c71c31920c427de435",
                "sha256:df49d09b498e83c1a73128295860250b0b7edd4c723a32e9bc0d295c7c2ec337"
            ],
            "index": "pypi",
            "version": "==2.7.4"
        },
        "pylint": {
            "hashes": [
                "sha256:689de29ae747642ab230c6d37be2b969bf75663176658851f456619aacf27492",
                "sha256:771467c434d0d9f081741fec1d64dfb011ed26e65e12a28fe06ca2f61c4d556c"
            ],
            "index": "pypi",
            "version": "==2.2.2"
        },
        "pyparsing": {
            "hashes": [
                "sha256:1c6409312ce2ce2997896af5756753778d5f1603666dba5587804f09ad82ed27",
                "sha256:f4896b4cc085a1f8f8ae53a1a90db5a86b3825ff73eb974dffee3d9e701007f4"
            ],
            "version": "==3.0.0b2"
        },
        "pytest": {
            "hashes": [
                "sha256:1d131cc532be0023ef8ae265e2a779938d0619bb6c2510f52987ffcba7fa1ee4",
                "sha256:ca4761407f1acc85ffd1609f464ca20bb71a767803505bd4127d0e45c5a50e23"
            ],
            "index": "pypi",
            "version": "==4.0.1"
        },
        "pytest-flask": {
            "hashes": [
                "sha256:df69f2b552098227d7b7a8a48d6df2742a4d865d0807eac4916fb622c2d47e1a",
                "sha256:e9b120d23f73e0495d8fa1bc3b580b18cc9f98b8d6808bc45fdbcbab7d718242"
            ],
            "index": "pypi",
            "version": "==0.14.0"
        },
        "pytest-forked": {
            "hashes": [
                "sha256:6aa9ac7e00ad1a539c41bec6d21011332de671e938c7637378ec9710204e37ca",
                "sha256:dc4147784048e70ef5d437951728825a131b81714b398d5d52f17c7c144d8815"
            ],
            "version": "==1.3.0"
        },
        "pytest-watch": {
            "hashes": [
                "sha256:06136f03d5b361718b8d0d234042f7b2f203910d8568f63df2f866b547b3d4b9"
            ],
            "index": "pypi",
            "version": "==4.2.0"
        },
        "pytest-xdist": {
            "hashes": [
                "sha256:96f893094c89fddeaff3f4783f4807f7aeb138be1a0d87a8805057b6af1201b5",
                "sha256:aab1402f2b063df48bf044b042707610f8fcc4c49d0eb9c10e79e30b3f26074f"
            ],
            "index": "pypi",
            "version": "==1.25.0"
        },
        "pytz": {
            "hashes": [
                "sha256:83a4a90894bf38e243cf052c8b58f381bfe9a7a483f6a9cab140bc7f702ac4da",
                "sha256:eb10ce3e7736052ed3623d49975ce333bcd712c7bb19a58b9e2089d4057d0798"
            ],
            "version": "==2021.1"
        },
        "pyyaml": {
            "hashes": [
                "sha256:08682f6b72c722394747bddaf0aa62277e02557c0fd1c42cb853016a38f8dedf",
                "sha256:0f5f5786c0e09baddcd8b4b45f20a7b5d61a7e7e99846e3c799b05c7c53fa696",
                "sha256:129def1b7c1bf22faffd67b8f3724645203b79d8f4cc81f674654d9902cb4393",
                "sha256:294db365efa064d00b8d1ef65d8ea2c3426ac366c0c4368d930bf1c5fb497f77",
                "sha256:3b2b1824fe7112845700f815ff6a489360226a5609b96ec2190a45e62a9fc922",
                "sha256:3bd0e463264cf257d1ffd2e40223b197271046d09dadf73a0fe82b9c1fc385a5",
                "sha256:4465124ef1b18d9ace298060f4eccc64b0850899ac4ac53294547536533800c8",
                "sha256:49d4cdd9065b9b6e206d0595fee27a96b5dd22618e7520c33204a4a3239d5b10",
                "sha256:4e0583d24c881e14342eaf4ec5fbc97f934b999a6828693a99157fde912540cc",
                "sha256:5accb17103e43963b80e6f837831f38d314a0495500067cb25afab2e8d7a4018",
                "sha256:607774cbba28732bfa802b54baa7484215f530991055bb562efbed5b2f20a45e",
                "sha256:6c78645d400265a062508ae399b60b8c167bf003db364ecb26dcab2bda048253",
                "sha256:72a01f726a9c7851ca9bfad6fd09ca4e090a023c00945ea05ba1638c09dc3347",
                "sha256:74c1485f7707cf707a7aef42ef6322b8f97921bd89be2ab6317fd782c2d53183",
                "sha256:895f61ef02e8fed38159bb70f7e100e00f471eae2bc838cd0f4ebb21e28f8541",
                "sha256:8c1be557ee92a20f184922c7b6424e8ab6691788e6d86137c5d93c1a6ec1b8fb",
                "sha256:bb4191dfc9306777bc594117aee052446b3fa88737cd13b7188d0e7aa8162185",
                "sha256:bfb51918d4ff3d77c1c856a9699f8492c612cde32fd3bcd344af9be34999bfdc",
                "sha256:c20cfa2d49991c8b4147af39859b167664f2ad4561704ee74c1de03318e898db",
                "sha256:cb333c16912324fd5f769fff6bc5de372e9e7a202247b48870bc251ed40239aa",
                "sha256:d2d9808ea7b4af864f35ea216be506ecec180628aced0704e34aca0b040ffe46",
                "sha256:d483ad4e639292c90170eb6f7783ad19490e7a8defb3e46f97dfe4bacae89122",
                "sha256:dd5de0646207f053eb0d6c74ae45ba98c3395a571a2891858e87df7c9b9bd51b",
                "sha256:e1d4970ea66be07ae37a3c2e48b5ec63f7ba6804bdddfdbd3cfd954d25a82e63",
                "sha256:e4fac90784481d221a8e4b1162afa7c47ed953be40d31ab4629ae917510051df",
                "sha256:fa5ae20527d8e831e8230cbffd9f8fe952815b2b7dae6ffec25318803a7528fc",
                "sha256:fd7f6999a8070df521b6384004ef42833b9bd62cfee11a09bda1079b4b704247",
                "sha256:fdc842473cd33f45ff6bce46aea678a54e3d21f1b61a7750ce3c498eedfe25d6",
                "sha256:fe69978f3f768926cfa37b867e3843918e012cf83f680806599ddce33c2c68b0"
            ],
            "version": "==5.4.1"
        },
        "requests": {
            "hashes": [
                "sha256:27973dd4a904a4f13b263a19c866c13b92a39ed1c964655f025f3f8d3d75b804",
                "sha256:c210084e36a42ae6b9219e00e48287def368a26d03a048ddad7bfee44f75871e"
            ],
            "version": "==2.25.1"
        },
        "selenium": {
            "hashes": [
                "sha256:2d7131d7bc5a5b99a2d9b04aaf2612c411b03b8ca1b1ee8d3de5845a9be2cb3c",
                "sha256:deaf32b60ad91a4611b98d8002757f29e6f2c2d5fcaf202e1c9ad06d6772300d"
            ],
            "index": "pypi",
            "version": "==3.141.0"
        },
        "semver": {
            "hashes": [
                "sha256:41c9aa26c67dc16c54be13074c352ab666bce1fa219c7110e8f03374cd4206b0",
                "sha256:5b09010a66d9a3837211bb7ae5a20d10ba88f8cb49e92cb139a69ef90d5060d8"
            ],
            "index": "pypi",
            "version": "==2.8.1"
        },
        "six": {
            "hashes": [
                "sha256:30639c035cdb23534cd4aa2dd52c3bf48f06e5f4a941509c8bafd8ce11080259",
                "sha256:8b74bedcbbbaca38ff6d7491d76f2b06b3592611af620f8426e82dddb04a5ced"
            ],
            "version": "==1.15.0"
        },
        "snowballstemmer": {
            "hashes": [
                "sha256:b51b447bea85f9968c13b650126a888aabd4cb4463fca868ec596826325dedc2",
                "sha256:e997baa4f2e9139951b6f4c631bad912dfd3c792467e2f03d7239464af90e914"
            ],
            "version": "==2.1.0"
        },
        "sphinx": {
            "hashes": [
                "sha256:120732cbddb1b2364471c3d9f8bfd4b0c5b550862f99a65736c77f970b142aea",
                "sha256:b348790776490894e0424101af9c8413f2a86831524bd55c5f379d3e3e12ca64"
            ],
            "index": "pypi",
            "version": "==1.8.2"
        },
        "sphinxcontrib-serializinghtml": {
            "hashes": [
                "sha256:eaa0eccc86e982a9b939b2b82d12cc5d013385ba5eadcc7e4fed23f4405f77bc",
                "sha256:f242a81d423f59617a8e5cf16f5d4d74e28ee9a66f9e5b637a18082991db5a9a"
            ],
            "version": "==1.1.4"
        },
        "sphinxcontrib-websupport": {
            "hashes": [
                "sha256:4edf0223a0685a7c485ae5a156b6f529ba1ee481a1417817935b20bde1956232",
                "sha256:6fc9287dfc823fe9aa432463edd6cea47fa9ebbf488d7f289b322ffcfca075c7"
            ],
            "version": "==1.2.4"
        },
        "toml": {
            "hashes": [
                "sha256:806143ae5bfb6a3c6e736a764057db0e6a0e05e338b5630894a5f779cabb4f9b",
                "sha256:b3bda1d108d5dd99f4a20d24d9c348e91c4db7ab1b749200bded2f839ccbe68f"
            ],
            "version": "==0.10.2"
        },
        "tox": {
            "hashes": [
                "sha256:21e772c4de94afd9240d1a4b2c009c94bea08d3230377ab23c3153efaea361f7",
                "sha256:304177defdcb403d84aeb0400b1625b1e65a7fff19f0441329f9f76ebf67882f"
            ],
            "index": "pypi",
            "version": "==3.6.0"
        },
        "typed-ast": {
            "hashes": [
                "sha256:07d49388d5bf7e863f7fa2f124b1b1d89d8aa0e2f7812faff0a5658c01c59aa1",
                "sha256:14bf1522cdee369e8f5581238edac09150c765ec1cb33615855889cf33dcb92d",
                "sha256:240296b27397e4e37874abb1df2a608a92df85cf3e2a04d0d4d61055c8305ba6",
                "sha256:36d829b31ab67d6fcb30e185ec996e1f72b892255a745d3a82138c97d21ed1cd",
                "sha256:37f48d46d733d57cc70fd5f30572d11ab8ed92da6e6b28e024e4a3edfb456e37",
                "sha256:4c790331247081ea7c632a76d5b2a265e6d325ecd3179d06e9cf8d46d90dd151",
                "sha256:5dcfc2e264bd8a1db8b11a892bd1647154ce03eeba94b461effe68790d8b8e07",
                "sha256:7147e2a76c75f0f64c4319886e7639e490fee87c9d25cb1d4faef1d8cf83a440",
                "sha256:7703620125e4fb79b64aa52427ec192822e9f45d37d4b6625ab37ef403e1df70",
                "sha256:8368f83e93c7156ccd40e49a783a6a6850ca25b556c0fa0240ed0f659d2fe496",
                "sha256:84aa6223d71012c68d577c83f4e7db50d11d6b1399a9c779046d75e24bed74ea",
                "sha256:85f95aa97a35bdb2f2f7d10ec5bbdac0aeb9dafdaf88e17492da0504de2e6400",
                "sha256:8db0e856712f79c45956da0c9a40ca4246abc3485ae0d7ecc86a20f5e4c09abc",
                "sha256:9044ef2df88d7f33692ae3f18d3be63dec69c4fb1b5a4a9ac950f9b4ba571606",
                "sha256:963c80b583b0661918718b095e02303d8078950b26cc00b5e5ea9ababe0de1fc",
                "sha256:987f15737aba2ab5f3928c617ccf1ce412e2e321c77ab16ca5a293e7bbffd581",
                "sha256:9ec45db0c766f196ae629e509f059ff05fc3148f9ffd28f3cfe75d4afb485412",
                "sha256:9fc0b3cb5d1720e7141d103cf4819aea239f7d136acf9ee4a69b047b7986175a",
                "sha256:a2c927c49f2029291fbabd673d51a2180038f8cd5a5b2f290f78c4516be48be2",
                "sha256:a38878a223bdd37c9709d07cd357bb79f4c760b29210e14ad0fb395294583787",
                "sha256:b4fcdcfa302538f70929eb7b392f536a237cbe2ed9cba88e3bf5027b39f5f77f",
                "sha256:c0c74e5579af4b977c8b932f40a5464764b2f86681327410aa028a22d2f54937",
                "sha256:c1c876fd795b36126f773db9cbb393f19808edd2637e00fd6caba0e25f2c7b64",
                "sha256:c9aadc4924d4b5799112837b226160428524a9a45f830e0d0f184b19e4090487",
                "sha256:cc7b98bf58167b7f2db91a4327da24fb93368838eb84a44c472283778fc2446b",
                "sha256:cf54cfa843f297991b7388c281cb3855d911137223c6b6d2dd82a47ae5125a41",
                "sha256:d003156bb6a59cda9050e983441b7fa2487f7800d76bdc065566b7d728b4581a",
                "sha256:d175297e9533d8d37437abc14e8a83cbc68af93cc9c1c59c2c292ec59a0697a3",
                "sha256:d746a437cdbca200622385305aedd9aef68e8a645e385cc483bdc5e488f07166",
                "sha256:e683e409e5c45d5c9082dc1daf13f6374300806240719f95dc783d1fc942af10"
            ],
            "markers": "implementation_name == 'cpython' and python_version < '3.8'",
            "version": "==1.4.2"
        },
        "typing-extensions": {
            "hashes": [
                "sha256:7cb407020f00f7bfc3cb3e7881628838e69d8f3fcab2f64742a5e76b2f841918",
                "sha256:99d4073b617d30288f569d3f13d2bd7548c3a7e4c8de87db09a9d29bb3a4a60c",
                "sha256:dafc7639cde7f1b6e1acc0f457842a83e722ccca8eef5270af2d74792619a89f"
            ],
            "markers": "python_version < '3.8'",
            "version": "==3.7.4.3"
        },
        "urllib3": {
            "hashes": [
                "sha256:2f4da4594db7e1e110a944bb1b551fdf4e6c136ad42e4234131391e21eb5b0df",
                "sha256:e7b021f7241115872f92f43c6508082facffbd1c048e3c6e2bb9c2a157e28937"
            ],
            "version": "==1.26.4"
        },
        "virtualenv": {
            "hashes": [
                "sha256:49ec4eb4c224c6f7dd81bb6d0a28a09ecae5894f4e593c89b0db0885f565a107",
                "sha256:83f95875d382c7abafe06bd2a4cdd1b363e1bb77e02f155ebe8ac082a916b37c"
            ],
            "version": "==20.4.3"
        },
        "watchdog": {
            "hashes": [
                "sha256:035f4816daf3c62e03503c267620f3aa8fc7472df85ff3ef1e0c100ea1ed2744",
                "sha256:0f7e9de9ba84af15e9e9fc29c3b13c972daa4d2b11de29aa86b26a26bc877c06",
                "sha256:13c9ff58508dce55ba416eb0ef7af5aa5858558f2ec51112f099fd03503b670b",
                "sha256:19675b8d1f00dabe74a0e66d87980623250d9360a21612e8c27b70a4b214ceeb",
                "sha256:1cd715c4fb803581ded8943f39a51f21c17375d009ca9e3398d6b20638863a70",
                "sha256:1f518a6940cde8720b8826a705c164e6b9bd6cf8c00f14269ffac51e017e06ec",
                "sha256:3e933f3567c4521dd1a5d59fd54a522cae90bebcbeb8b74b84a2f33c90f08388",
                "sha256:41b1a773f364f232b5bc184688e8d60451745d9e0971ac60c648bd47be8f4733",
                "sha256:532fedd993e75554671faa36cd04c580ced3fae084254a779afbbd8aaf00566b",
                "sha256:74528772516228f6a015a647027057939ff0b695a0b864cb3037e8e1aabc7ca0",
                "sha256:89102465764e453609463cf620e744da1b0aa1f9f321b05961e2e7e15b3c9d8b",
                "sha256:a412b1914e27f67b0a10e1ee19b5d035a9f7c115a062bbbd640653d9820ba4c8",
                "sha256:ac6adbdf32e1d180574f9d0819e80259ae48e68727e80c3d950ed5a023714c3e",
                "sha256:adda34bfe6db05485c1dfcd98232bdec385f991fe16358750c2163473eefb985",
                "sha256:d2fcbc15772a82cd139c803a513c45b0fbc72a10a8a34dc2a8b429110b6f1236",
                "sha256:d54e187b76053982180532cb7fd31152201c438b348c456f699929f8a89e786d",
                "sha256:e0114e48ee981b38e328eaa0d5a625c7b4fc144b8dc7f7637749d6b5f7fefb0e"
            ],
            "version": "==2.0.2"
        },
        "werkzeug": {
            "hashes": [
                "sha256:c66bc39b74a7d3383fdd009d73fd003f9f39c0fd2b129f282ab0d6a409e452f0",
                "sha256:ff80a8377526eb9a730148a8646a2b4e4217c519b6b55cc1b6138f666c52f57c"
            ],
            "version": "==2.0.0rc3"
        },
        "wrapt": {
            "hashes": [
                "sha256:b62ffa81fb85f4332a4f609cab4ac40709470da05643a082ec1eb88e6d9b97d7"
            ],
            "version": "==1.12.1"
        },
        "yamllint": {
            "hashes": [
                "sha256:425287ae21320e876d6515cb2ccc0363ae7c6e17a711ef520cf4f579fdb7dfa5",
                "sha256:9d4ec0da83ce33799e0f87f2882aab8d3ce790d30fe147438c5083c7a26e4044"
            ],
            "index": "pypi",
            "version": "==1.13.0"
        },
        "zipp": {
            "hashes": [
                "sha256:3607921face881ba3e026887d8150cca609d517579abe052ac81fc5aeffdbd76",
                "sha256:51cb66cc54621609dd593d1787f286ee42a5c0adbb4b29abea5a63edc3e03098"
            ],
            "markers": "python_version < '3.8'",
            "version": "==3.4.1"
        }
    }
}
